
Microsoft Visual Studio Solution File, Format Version 12.00
Project("{FAE04EC0-301F-11D3-BF4B-00C04F79EFBC}") = "Hoacc.API", "Hoacc.API\Hoacc.API.csproj", "{CE2DD1FC-0938-4547-BFDA-9D3306BB84DC}"
EndProject
Project("{FAE04EC0-301F-11D3-BF4B-00C04F79EFBC}") = "Hoacc.Common", "Hoacc.Common\Hoacc.Common.csproj", "{86FDE5A2-194D-4BEA-BF7D-75047F62070B}"
EndProject
Project("{FAE04EC0-301F-11D3-BF4B-00C04F79EFBC}") = "Hoacc.Data.Sql", "Hoacc.Data.Sql\Hoacc.Data.Sql.csproj", "{760346F1-A7E8-4F7F-8E43-199BF9DD5DE8}"
EndProject
Project("{FAE04EC0-301F-11D3-BF4B-00C04F79EFBC}") = "Hoacc.Domain", "Hoacc.Domain\Hoacc.Domain.csproj", "{BC8D7182-FE6E-445D-90C0-1946AC4F0285}"
EndProject
Project("{FAE04EC0-301F-11D3-BF4B-00C04F79EFBC}") = "Hoacc.IData", "Hoacc.IData\Hoacc.IData.csproj", "{6FEF1FD0-51A0-4A69-96B7-685A23FCD1BE}"
EndProject
Project("{FAE04EC0-301F-11D3-BF4B-00C04F79EFBC}") = "Hoacc.Infrastructure", "Hoacc.Infrastructure\Hoacc.Infrastructure.csproj", "{0F4D556B-5F3A-4C0C-A909-0734ED166851}"
EndProject
Project("{FAE04EC0-301F-11D3-BF4B-00C04F79EFBC}") = "Hoacc.IServices", "Hoacc.IServices\Hoacc.IServices.csproj", "{3480CCD2-E646-42A0-993C-4EA7668307BC}"
EndProject
Project("{FAE04EC0-301F-11D3-BF4B-00C04F79EFBC}") = "Hoacc.Services", "Hoacc.Services\Hoacc.Services.csproj", "{49A61DF7-387D-43F5-A119-DBF3CFBD239F}"
EndProject
Global
	GlobalSection(SolutionConfigurationPlatforms) = preSolution
		Debug|Any CPU = Debug|Any CPU
		Release|Any CPU = Release|Any CPU
	EndGlobalSection
	GlobalSection(ProjectConfigurationPlatforms) = postSolution
		{CE2DD1FC-0938-4547-BFDA-9D3306BB84DC}.Debug|Any CPU.ActiveCfg = Debug|Any CPU
		{CE2DD1FC-0938-4547-BFDA-9D3306BB84DC}.Debug|Any CPU.Build.0 = Debug|Any CPU
		{CE2DD1FC-0938-4547-BFDA-9D3306BB84DC}.Release|Any CPU.ActiveCfg = Release|Any CPU
		{CE2DD1FC-0938-4547-BFDA-9D3306BB84DC}.Release|Any CPU.Build.0 = Release|Any CPU
		{86FDE5A2-194D-4BEA-BF7D-75047F62070B}.Debug|Any CPU.ActiveCfg = Debug|Any CPU
		{86FDE5A2-194D-4BEA-BF7D-75047F62070B}.Debug|Any CPU.Build.0 = Debug|Any CPU
		{86FDE5A2-194D-4BEA-BF7D-75047F62070B}.Release|Any CPU.ActiveCfg = Release|Any CPU
		{86FDE5A2-194D-4BEA-BF7D-75047F62070B}.Release|Any CPU.Build.0 = Release|Any CPU
		{760346F1-A7E8-4F7F-8E43-199BF9DD5DE8}.Debug|Any CPU.ActiveCfg = Debug|Any CPU
		{760346F1-A7E8-4F7F-8E43-199BF9DD5DE8}.Debug|Any CPU.Build.0 = Debug|Any CPU
		{760346F1-A7E8-4F7F-8E43-199BF9DD5DE8}.Release|Any CPU.ActiveCfg = Release|Any CPU
		{760346F1-A7E8-4F7F-8E43-199BF9DD5DE8}.Release|Any CPU.Build.0 = Release|Any CPU
		{BC8D7182-FE6E-445D-90C0-1946AC4F0285}.Debug|Any CPU.ActiveCfg = Debug|Any CPU
		{BC8D7182-FE6E-445D-90C0-1946AC4F0285}.Debug|Any CPU.Build.0 = Debug|Any CPU
		{BC8D7182-FE6E-445D-90C0-1946AC4F0285}.Release|Any CPU.ActiveCfg = Release|Any CPU
		{BC8D7182-FE6E-445D-90C0-1946AC4F0285}.Release|Any CPU.Build.0 = Release|Any CPU
		{6FEF1FD0-51A0-4A69-96B7-685A23FCD1BE}.Debug|Any CPU.ActiveCfg = Debug|Any CPU
		{6FEF1FD0-51A0-4A69-96B7-685A23FCD1BE}.Debug|Any CPU.Build.0 = Debug|Any CPU
		{6FEF1FD0-51A0-4A69-96B7-685A23FCD1BE}.Release|Any CPU.ActiveCfg = Release|Any CPU
		{6FEF1FD0-51A0-4A69-96B7-685A23FCD1BE}.Release|Any CPU.Build.0 = Release|Any CPU
		{0F4D556B-5F3A-4C0C-A909-0734ED166851}.Debug|Any CPU.ActiveCfg = Debug|Any CPU
		{0F4D556B-5F3A-4C0C-A909-0734ED166851}.Debug|Any CPU.Build.0 = Debug|Any CPU
		{0F4D556B-5F3A-4C0C-A909-0734ED166851}.Release|Any CPU.ActiveCfg = Release|Any CPU
		{0F4D556B-5F3A-4C0C-A909-0734ED166851}.Release|Any CPU.Build.0 = Release|Any CPU
		{3480CCD2-E646-42A0-993C-4EA7668307BC}.Debug|Any CPU.ActiveCfg = Debug|Any CPU
		{3480CCD2-E646-42A0-993C-4EA7668307BC}.Debug|Any CPU.Build.0 = Debug|Any CPU
		{3480CCD2-E646-42A0-993C-4EA7668307BC}.Release|Any CPU.ActiveCfg = Release|Any CPU
		{3480CCD2-E646-42A0-993C-4EA7668307BC}.Release|Any CPU.Build.0 = Release|Any CPU
		{49A61DF7-387D-43F5-A119-DBF3CFBD239F}.Debug|Any CPU.ActiveCfg = Debug|Any CPU
		{49A61DF7-387D-43F5-A119-DBF3CFBD239F}.Debug|Any CPU.Build.0 = Debug|Any CPU
		{49A61DF7-387D-43F5-A119-DBF3CFBD239F}.Release|Any CPU.ActiveCfg = Release|Any CPU
		{49A61DF7-387D-43F5-A119-DBF3CFBD239F}.Release|Any CPU.Build.0 = Release|Any CPU
	EndGlobalSection
EndGlobal
